
Microsoft Visual Studio Solution File, Format Version 12.00
# Visual Studio Version 17
VisualStudioVersion = 17.6.33723.286
MinimumVisualStudioVersion = 10.0.40219.1
Project("{FAE04EC0-301F-11D3-BF4B-00C04F79EFBC}") = "Lab10.Android", "Lab10\Lab10.Android\Lab10.Android.csproj", "{BB4769A0-08CD-4358-B8C7-0FF8E28C493A}"
EndProject
Project("{FAE04EC0-301F-11D3-BF4B-00C04F79EFBC}") = "Lab10.iOS", "Lab10\Lab10.iOS\Lab10.iOS.csproj", "{652A1286-090C-4E17-8D92-C541A2147154}"
EndProject
Project("{FAE04EC0-301F-11D3-BF4B-00C04F79EFBC}") = "Lab10", "Lab10\Lab10\Lab10.csproj", "{C8B7AD4F-1F0D-48C3-862C-4279DBCADCEA}"
EndProject
Global
	GlobalSection(SolutionConfigurationPlatforms) = preSolution
		Debug|Any CPU = Debug|Any CPU
		Debug|iPhone = Debug|iPhone
		Debug|iPhoneSimulator = Debug|iPhoneSimulator
		Release|Any CPU = Release|Any CPU
		Release|iPhone = Release|iPhone
		Release|iPhoneSimulator = Release|iPhoneSimulator
	EndGlobalSection
	GlobalSection(ProjectConfigurationPlatforms) = postSolution
		{BB4769A0-08CD-4358-B8C7-0FF8E28C493A}.Debug|Any CPU.ActiveCfg = Debug|Any CPU
		{BB4769A0-08CD-4358-B8C7-0FF8E28C493A}.Debug|Any CPU.Build.0 = Debug|Any CPU
		{BB4769A0-08CD-4358-B8C7-0FF8E28C493A}.Debug|Any CPU.Deploy.0 = Debug|Any CPU
		{BB4769A0-08CD-4358-B8C7-0FF8E28C493A}.Debug|iPhone.ActiveCfg = Debug|Any CPU
		{BB4769A0-08CD-4358-B8C7-0FF8E28C493A}.Debug|iPhone.Build.0 = Debug|Any CPU
		{BB4769A0-08CD-4358-B8C7-0FF8E28C493A}.Debug|iPhone.Deploy.0 = Debug|Any CPU
		{BB4769A0-08CD-4358-B8C7-0FF8E28C493A}.Debug|iPhoneSimulator.ActiveCfg = Debug|Any CPU
		{BB4769A0-08CD-4358-B8C7-0FF8E28C493A}.Debug|iPhoneSimulator.Build.0 = Debug|Any CPU
		{BB4769A0-08CD-4358-B8C7-0FF8E28C493A}.Debug|iPhoneSimulator.Deploy.0 = Debug|Any CPU
		{BB4769A0-08CD-4358-B8C7-0FF8E28C493A}.Release|Any CPU.ActiveCfg = Release|Any CPU
		{BB4769A0-08CD-4358-B8C7-0FF8E28C493A}.Release|Any CPU.Build.0 = Release|Any CPU
		{BB4769A0-08CD-4358-B8C7-0FF8E28C493A}.Release|Any CPU.Deploy.0 = Release|Any CPU
		{BB4769A0-08CD-4358-B8C7-0FF8E28C493A}.Release|iPhone.ActiveCfg = Release|Any CPU
		{BB4769A0-08CD-4358-B8C7-0FF8E28C493A}.Release|iPhone.Build.0 = Release|Any CPU
		{BB4769A0-08CD-4358-B8C7-0FF8E28C493A}.Release|iPhone.Deploy.0 = Release|Any CPU
		{BB4769A0-08CD-4358-B8C7-0FF8E28C493A}.Release|iPhoneSimulator.ActiveCfg = Release|Any CPU
		{BB4769A0-08CD-4358-B8C7-0FF8E28C493A}.Release|iPhoneSimulator.Build.0 = Release|Any CPU
		{BB4769A0-08CD-4358-B8C7-0FF8E28C493A}.Release|iPhoneSimulator.Deploy.0 = Release|Any CPU
		{652A1286-090C-4E17-8D92-C541A2147154}.Debug|Any CPU.ActiveCfg = Debug|iPhone
		{652A1286-090C-4E17-8D92-C541A2147154}.Debug|Any CPU.Build.0 = Debug|iPhone
		{652A1286-090C-4E17-8D92-C541A2147154}.Debug|Any CPU.Deploy.0 = Debug|iPhone
		{652A1286-090C-4E17-8D92-C541A2147154}.Debug|iPhone.ActiveCfg = Debug|iPhone
		{652A1286-090C-4E17-8D92-C541A2147154}.Debug|iPhone.Build.0 = Debug|iPhone
		{652A1286-090C-4E17-8D92-C541A2147154}.Debug|iPhone.Deploy.0 = Debug|iPhone
		{652A1286-090C-4E17-8D92-C541A2147154}.Debug|iPhoneSimulator.ActiveCfg = Debug|iPhoneSimulator
		{652A1286-090C-4E17-8D92-C541A2147154}.Debug|iPhoneSimulator.Build.0 = Debug|iPhoneSimulator
		{652A1286-090C-4E17-8D92-C541A2147154}.Debug|iPhoneSimulator.Deploy.0 = Debug|iPhoneSimulator
		{652A1286-090C-4E17-8D92-C541A2147154}.Release|Any CPU.ActiveCfg = Release|iPhoneSimulator
		{652A1286-090C-4E17-8D92-C541A2147154}.Release|Any CPU.Build.0 = Release|iPhoneSimulator
		{652A1286-090C-4E17-8D92-C541A2147154}.Release|Any CPU.Deploy.0 = Release|iPhoneSimulator
		{652A1286-090C-4E17-8D92-C541A2147154}.Release|iPhone.ActiveCfg = Release|iPhone
		{652A1286-090C-4E17-8D92-C541A2147154}.Release|iPhone.Build.0 = Release|iPhone
		{652A1286-090C-4E17-8D92-C541A2147154}.Release|iPhone.Deploy.0 = Release|iPhone
		{652A1286-090C-4E17-8D92-C541A2147154}.Release|iPhoneSimulator.ActiveCfg = Release|iPhoneSimulator
		{652A1286-090C-4E17-8D92-C541A2147154}.Release|iPhoneSimulator.Build.0 = Release|iPhoneSimulator
		{652A1286-090C-4E17-8D92-C541A2147154}.Release|iPhoneSimulator.Deploy.0 = Release|iPhoneSimulator
		{C8B7AD4F-1F0D-48C3-862C-4279DBCADCEA}.Debug|Any CPU.ActiveCfg = Debug|Any CPU
		{C8B7AD4F-1F0D-48C3-862C-4279DBCADCEA}.Debug|Any CPU.Build.0 = Debug|Any CPU
		{C8B7AD4F-1F0D-48C3-862C-4279DBCADCEA}.Debug|Any CPU.Deploy.0 = Debug|Any CPU
		{C8B7AD4F-1F0D-48C3-862C-4279DBCADCEA}.Debug|iPhone.ActiveCfg = Debug|Any CPU
		{C8B7AD4F-1F0D-48C3-862C-4279DBCADCEA}.Debug|iPhone.Build.0 = Debug|Any CPU
		{C8B7AD4F-1F0D-48C3-862C-4279DBCADCEA}.Debug|iPhone.Deploy.0 = Debug|Any CPU
		{C8B7AD4F-1F0D-48C3-862C-4279DBCADCEA}.Debug|iPhoneSimulator.ActiveCfg = Debug|Any CPU
		{C8B7AD4F-1F0D-48C3-862C-4279DBCADCEA}.Debug|iPhoneSimulator.Build.0 = Debug|Any CPU
		{C8B7AD4F-1F0D-48C3-862C-4279DBCADCEA}.Debug|iPhoneSimulator.Deploy.0 = Debug|Any CPU
		{C8B7AD4F-1F0D-48C3-862C-4279DBCADCEA}.Release|Any CPU.ActiveCfg = Release|Any CPU
		{C8B7AD4F-1F0D-48C3-862C-4279DBCADCEA}.Release|Any CPU.Build.0 = Release|Any CPU
		{C8B7AD4F-1F0D-48C3-862C-4279DBCADCEA}.Release|Any CPU.Deploy.0 = Release|Any CPU
		{C8B7AD4F-1F0D-48C3-862C-4279DBCADCEA}.Release|iPhone.ActiveCfg = Release|Any CPU
		{C8B7AD4F-1F0D-48C3-862C-4279DBCADCEA}.Release|iPhone.Build.0 = Release|Any CPU
		{C8B7AD4F-1F0D-48C3-862C-4279DBCADCEA}.Release|iPhone.Deploy.0 = Release|Any CPU
		{C8B7AD4F-1F0D-48C3-862C-4279DBCADCEA}.Release|iPhoneSimulator.ActiveCfg = Release|Any CPU
		{C8B7AD4F-1F0D-48C3-862C-4279DBCADCEA}.Release|iPhoneSimulator.Build.0 = Release|Any CPU
		{C8B7AD4F-1F0D-48C3-862C-4279DBCADCEA}.Release|iPhoneSimulator.Deploy.0 = Release|Any CPU
	EndGlobalSection
	GlobalSection(SolutionProperties) = preSolution
		HideSolutionNode = FALSE
	EndGlobalSection
	GlobalSection(ExtensibilityGlobals) = postSolution
		SolutionGuid = {A8BB40DB-5A82-4EA9-BA59-406773F26373}
	EndGlobalSection
EndGlobal
